// !$*UTF8*$!
{
	archiveVersion = 1;
	classes = {
	};
	objectVersion = 50;
	objects = {

/* Begin PBXBuildFile section */
		4CC8D8281A8350854BC3F196 /* libPods-AlipayHeader.a in Frameworks */ = {isa = PBXBuildFile; fileRef = 36264DB602D75E3A4C021855 /* libPods-AlipayHeader.a */; };
		5E83482B20F98D1F00127BC3 /* AppDelegate.m in Sources */ = {isa = PBXBuildFile; fileRef = 5E83482A20F98D1F00127BC3 /* AppDelegate.m */; };
		5E83482E20F98D1F00127BC3 /* ViewController.m in Sources */ = {isa = PBXBuildFile; fileRef = 5E83482D20F98D1F00127BC3 /* ViewController.m */; };
		5E83483120F98D1F00127BC3 /* Main.storyboard in Resources */ = {isa = PBXBuildFile; fileRef = 5E83482F20F98D1F00127BC3 /* Main.storyboard */; };
		5E83483320F98D2000127BC3 /* Assets.xcassets in Resources */ = {isa = PBXBuildFile; fileRef = 5E83483220F98D2000127BC3 /* Assets.xcassets */; };
		5E83483620F98D2000127BC3 /* LaunchScreen.storyboard in Resources */ = {isa = PBXBuildFile; fileRef = 5E83483420F98D2000127BC3 /* LaunchScreen.storyboard */; };
		5E83483920F98D2000127BC3 /* main.m in Sources */ = {isa = PBXBuildFile; fileRef = 5E83483820F98D2000127BC3 /* main.m */; };
/* End PBXBuildFile section */

/* Begin PBXFileReference section */
		36264DB602D75E3A4C021855 /* libPods-AlipayHeader.a */ = {isa = PBXFileReference; explicitFileType = archive.ar; includeInIndex = 0; path = "libPods-AlipayHeader.a"; sourceTree = BUILT_PRODUCTS_DIR; };
		459EA30EC68D2B246B73A13C /* Pods-AlipayHeader.release.xcconfig */ = {isa = PBXFileReference; includeInIndex = 1; lastKnownFileType = text.xcconfig; name = "Pods-AlipayHeader.release.xcconfig"; path = "Pods/Target Support Files/Pods-AlipayHeader/Pods-AlipayHeader.release.xcconfig"; sourceTree = "<group>"; };
		5E83482620F98D1F00127BC3 /* AlipayHeader.app */ = {isa = PBXFileReference; explicitFileType = wrapper.application; includeInIndex = 0; path = AlipayHeader.app; sourceTree = BUILT_PRODUCTS_DIR; };
		5E83482920F98D1F00127BC3 /* AppDelegate.h */ = {isa = PBXFileReference; lastKnownFileType = sourcecode.c.h; path = AppDelegate.h; sourceTree = "<group>"; };
		5E83482A20F98D1F00127BC3 /* AppDelegate.m */ = {isa = PBXFileReference; lastKnownFileType = sourcecode.c.objc; path = AppDelegate.m; sourceTree = "<group>"; };
		5E83482C20F98D1F00127BC3 /* ViewController.h */ = {isa = PBXFileReference; lastKnownFileType = sourcecode.c.h; path = ViewController.h; sourceTree = "<group>"; };
		5E83482D20F98D1F00127BC3 /* ViewController.m */ = {isa = PBXFileReference; lastKnownFileType = sourcecode.c.objc; path = ViewController.m; sourceTree = "<group>"; };
		5E83483020F98D1F00127BC3 /* Base */ = {isa = PBXFileReference; lastKnownFileType = file.storyboard; name = Base; path = Base.lproj/Main.storyboard; sourceTree = "<group>"; };
		5E83483220F98D2000127BC3 /* Assets.xcassets */ = {isa = PBXFileReference; lastKnownFileType = folder.assetcatalog; path = Assets.xcassets; sourceTree = "<group>"; };
		5E83483520F98D2000127BC3 /* Base */ = {isa = PBXFileReference; lastKnownFileType = file.storyboard; name = Base; path = Base.lproj/LaunchScreen.storyboard; sourceTree = "<group>"; };
		5E83483720F98D2000127BC3 /* Info.plist */ = {isa = PBXFileReference; lastKnownFileType = text.plist.xml; path = Info.plist; sourceTree = "<group>"; };
		5E83483820F98D2000127BC3 /* main.m */ = {isa = PBXFileReference; lastKnownFileType = sourcecode.c.objc; path = main.m; sourceTree = "<group>"; };
		5E83483F20F98E9F00127BC3 /* AlipayHeader.pch */ = {isa = PBXFileReference; lastKnownFileType = sourcecode.c.h; path = AlipayHeader.pch; sourceTree = "<group>"; };
		DF0346F866406DA81407825F /* Pods-AlipayHeader.debug.xcconfig */ = {isa = PBXFileReference; includeInIndex = 1; lastKnownFileType = text.xcconfig; name = "Pods-AlipayHeader.debug.xcconfig"; path = "Pods/Target Support Files/Pods-AlipayHeader/Pods-AlipayHeader.debug.xcconfig"; sourceTree = "<group>"; };
/* End PBXFileReference section */

/* Begin PBXFrameworksBuildPhase section */
		5E83482320F98D1F00127BC3 /* Frameworks */ = {
			isa = PBXFrameworksBuildPhase;
			buildActionMask = 2147483647;
			files = (
				4CC8D8281A8350854BC3F196 /* libPods-AlipayHeader.a in Frameworks */,
			);
			runOnlyForDeploymentPostprocessing = 0;
		};
/* End PBXFrameworksBuildPhase section */

/* Begin PBXGroup section */
		1D87857597770E951141D14C /* Pods */ = {
			isa = PBXGroup;
			children = (
				DF0346F866406DA81407825F /* Pods-AlipayHeader.debug.xcconfig */,
				459EA30EC68D2B246B73A13C /* Pods-AlipayHeader.release.xcconfig */,
			);
			name = Pods;
			sourceTree = "<group>";
		};
		5E83481D20F98D1F00127BC3 = {
			isa = PBXGroup;
			children = (
				5E83482820F98D1F00127BC3 /* AlipayHeader */,
				5E83482720F98D1F00127BC3 /* Products */,
				1D87857597770E951141D14C /* Pods */,
				C5CA042EF78E19E93F6E5BB6 /* Frameworks */,
			);
			sourceTree = "<group>";
		};
		5E83482720F98D1F00127BC3 /* Products */ = {
			isa = PBXGroup;
			children = (
				5E83482620F98D1F00127BC3 /* AlipayHeader.app */,
			);
			name = Products;
			sourceTree = "<group>";
		};
		5E83482820F98D1F00127BC3 /* AlipayHeader */ = {
			isa = PBXGroup;
			children = (
				5E83483F20F98E9F00127BC3 /* AlipayHeader.pch */,
				5E83482920F98D1F00127BC3 /* AppDelegate.h */,
				5E83482A20F98D1F00127BC3 /* AppDelegate.m */,
				5E83482C20F98D1F00127BC3 /* ViewController.h */,
				5E83482D20F98D1F00127BC3 /* ViewController.m */,
				5E83482F20F98D1F00127BC3 /* Main.storyboard */,
				5E83483220F98D2000127BC3 /* Assets.xcassets */,
				5E83483420F98D2000127BC3 /* LaunchScreen.storyboard */,
				5E83483720F98D2000127BC3 /* Info.plist */,
				5E83483820F98D2000127BC3 /* main.m */,
			);
			path = AlipayHeader;
			sourceTree = "<group>";
		};
		C5CA042EF78E19E93F6E5BB6 /* Frameworks */ = {
			isa = PBXGroup;
			children = (
				36264DB602D75E3A4C021855 /* libPods-AlipayHeader.a */,
			);
			name = Frameworks;
			sourceTree = "<group>";
		};
/* End PBXGroup section */

/* Begin PBXNativeTarget section */
		5E83482520F98D1F00127BC3 /* AlipayHeader */ = {
			isa = PBXNativeTarget;
			buildConfigurationList = 5E83483C20F98D2000127BC3 /* Build configuration list for PBXNativeTarget "AlipayHeader" */;
			buildPhases = (
				40B739F4808B4C84345FC66B /* [CP] Check Pods Manifest.lock */,
				5E83482220F98D1F00127BC3 /* Sources */,
				5E83482320F98D1F00127BC3 /* Frameworks */,
				5E83482420F98D1F00127BC3 /* Resources */,
				B93CC672DF583BFB0FE33096 /* [CP] Embed Pods Frameworks */,
				C8E7B0C8E456581223839363 /* [CP] Copy Pods Resources */,
			);
			buildRules = (
			);
			dependencies = (
			);
			name = AlipayHeader;
			productName = AlipayHeader;
			productReference = 5E83482620F98D1F00127BC3 /* AlipayHeader.app */;
			productType = "com.apple.product-type.application";
		};
/* End PBXNativeTarget section */

/* Begin PBXProject section */
		5E83481E20F98D1F00127BC3 /* Project object */ = {
			isa = PBXProject;
			attributes = {
				LastUpgradeCheck = 0940;
				ORGANIZATIONNAME = Bleach.zhen;
				TargetAttributes = {
					5E83482520F98D1F00127BC3 = {
						CreatedOnToolsVersion = 9.4;
					};
				};
			};
			buildConfigurationList = 5E83482120F98D1F00127BC3 /* Build configuration list for PBXProject "AlipayHeader" */;
			compatibilityVersion = "Xcode 9.3";
			developmentRegion = en;
			hasScannedForEncodings = 0;
			knownRegions = (
				en,
				Base,
			);
			mainGroup = 5E83481D20F98D1F00127BC3;
			productRefGroup = 5E83482720F98D1F00127BC3 /* Products */;
			projectDirPath = "";
			projectRoot = "";
			targets = (
				5E83482520F98D1F00127BC3 /* AlipayHeader */,
			);
		};
/* End PBXProject section */

/* Begin PBXResourcesBuildPhase section */
		5E83482420F98D1F00127BC3 /* Resources */ = {
			isa = PBXResourcesBuildPhase;
			buildActionMask = 2147483647;
			files = (
				5E83483620F98D2000127BC3 /* LaunchScreen.storyboard in Resources */,
				5E83483320F98D2000127BC3 /* Assets.xcassets in Resources */,
				5E83483120F98D1F00127BC3 /* Main.storyboard in Resources */,
			);
			runOnlyForDeploymentPostprocessing = 0;
		};
/* End PBXResourcesBuildPhase section */

/* Begin PBXShellScriptBuildPhase section */
		40B739F4808B4C84345FC66B /* [CP] Check Pods Manifest.lock */ = {
			isa = PBXShellScriptBuildPhase;
			buildActionMask = 2147483647;
			files = (
			);
			inputPaths = (
				"${PODS_PODFILE_DIR_PATH}/Podfile.lock",
				"${PODS_ROOT}/Manifest.lock",
			);
			name = "[CP] Check Pods Manifest.lock";
			outputPaths = (
				"$(DERIVED_FILE_DIR)/Pods-AlipayHeader-checkManifestLockResult.txt",
			);
			runOnlyForDeploymentPostprocessing = 0;
			shellPath = /bin/sh;
			shellScript = "diff \"${PODS_PODFILE_DIR_PATH}/Podfile.lock\" \"${PODS_ROOT}/Manifest.lock\" > /dev/null\nif [ $? != 0 ] ; then\n    # print error to STDERR\n    echo \"error: The sandbox is not in sync with the Podfile.lock. Run 'pod install' or update your CocoaPods installation.\" >&2\n    exit 1\nfi\n# This output is used by Xcode 'outputs' to avoid re-running this script phase.\necho \"SUCCESS\" > \"${SCRIPT_OUTPUT_FILE_0}\"\n";
			showEnvVarsInLog = 0;
		};
		B93CC672DF583BFB0FE33096 /* [CP] Embed Pods Frameworks */ = {
			isa = PBXShellScriptBuildPhase;
			buildActionMask = 2147483647;
			files = (
			);
			inputPaths = (
			);
			name = "[CP] Embed Pods Frameworks";
			outputPaths = (
			);
			runOnlyForDeploymentPostprocessing = 0;
			shellPath = /bin/sh;
			shellScript = "\"${SRCROOT}/Pods/Target Support Files/Pods-AlipayHeader/Pods-AlipayHeader-frameworks.sh\"\n";
			showEnvVarsInLog = 0;
		};
		C8E7B0C8E456581223839363 /* [CP] Copy Pods Resources */ = {
			isa = PBXShellScriptBuildPhase;
			buildActionMask = 2147483647;
			files = (
			);
			inputPaths = (
				"${SRCROOT}/Pods/Target Support Files/Pods-AlipayHeader/Pods-AlipayHeader-resources.sh",
				"${PODS_ROOT}/MJRefresh/MJRefresh/MJRefresh.bundle",
			);
			name = "[CP] Copy Pods Resources";
			outputPaths = (
				"${TARGET_BUILD_DIR}/${UNLOCALIZED_RESOURCES_FOLDER_PATH}/MJRefresh.bundle",
			);
			runOnlyForDeploymentPostprocessing = 0;
			shellPath = /bin/sh;
			shellScript = "\"${SRCROOT}/Pods/Target Support Files/Pods-AlipayHeader/Pods-AlipayHeader-resources.sh\"\n";
			showEnvVarsInLog = 0;
		};
/* End PBXShellScriptBuildPhase section */

/* Begin PBXSourcesBuildPhase section */
		5E83482220F98D1F00127BC3 /* Sources */ = {
			isa = PBXSourcesBuildPhase;
			buildActionMask = 2147483647;
			files = (
				5E83482E20F98D1F00127BC3 /* ViewController.m in Sources */,
				5E83483920F98D2000127BC3 /* main.m in Sources */,
				5E83482B20F98D1F00127BC3 /* AppDelegate.m in Sources */,
			);
			runOnlyForDeploymentPostprocessing = 0;
		};
/* End PBXSourcesBuildPhase section */

/* Begin PBXVariantGroup section */
		5E83482F20F98D1F00127BC3 /* Main.storyboard */ = {
			isa = PBXVariantGroup;
			children = (
				5E83483020F98D1F00127BC3 /* Base */,
			);
			name = Main.storyboard;
			sourceTree = "<group>";
		};
		5E83483420F98D2000127BC3 /* LaunchScreen.storyboard */ = {
			isa = PBXVariantGroup;
			children = (
				5E83483520F98D2000127BC3 /* Base */,
			);
			name = LaunchScreen.storyboard;
			sourceTree = "<group>";
		};
/* End PBXVariantGroup section */

/* Begin XCBuildConfiguration section */
		5E83483A20F98D2000127BC3 /* Debug */ = {
			isa = XCBuildConfiguration;
			buildSettings = {
				ALWAYS_SEARCH_USER_PATHS = NO;
				CLANG_ANALYZER_NONNULL = YES;
				CLANG_ANALYZER_NUMBER_OBJECT_CONVERSION = YES_AGGRESSIVE;
				CLANG_CXX_LANGUAGE_STANDARD = "gnu++14";
				CLANG_CXX_LIBRARY = "libc++";
				CLANG_ENABLE_MODULES = YES;
				CLANG_ENABLE_OBJC_ARC = YES;
				CLANG_ENABLE_OBJC_WEAK = YES;
				CLANG_WARN_BLOCK_CAPTURE_AUTORELEASING = YES;
				CLANG_WARN_BOOL_CONVERSION = YES;
				CLANG_WARN_COMMA = YES;
				CLANG_WARN_CONSTANT_CONVERSION = YES;
				CLANG_WARN_DEPRECATED_OBJC_IMPLEMENTATIONS = YES;
				CLANG_WARN_DIRECT_OBJC_ISA_USAGE = YES_ERROR;
				CLANG_WARN_DOCUMENTATION_COMMENTS = YES;
				CLANG_WARN_EMPTY_BODY = YES;
				CLANG_WARN_ENUM_CONVERSION = YES;
				CLANG_WARN_INFINITE_RECURSION = YES;
				CLANG_WARN_INT_CONVERSION = YES;
				CLANG_WARN_NON_LITERAL_NULL_CONVERSION = YES;
				CLANG_WARN_OBJC_IMPLICIT_RETAIN_SELF = YES;
				CLANG_WARN_OBJC_LITERAL_CONVERSION = YES;
				CLANG_WARN_OBJC_ROOT_CLASS = YES_ERROR;
				CLANG_WARN_RANGE_LOOP_ANALYSIS = YES;
				CLANG_WARN_STRICT_PROTOTYPES = YES;
				CLANG_WARN_SUSPICIOUS_MOVE = YES;
				CLANG_WARN_UNGUARDED_AVAILABILITY = YES_AGGRESSIVE;
				CLANG_WARN_UNREACHABLE_CODE = YES;
				CLANG_WARN__DUPLICATE_METHOD_MATCH = YES;
				CODE_SIGN_IDENTITY = "iPhone Developer";
				COPY_PHASE_STRIP = NO;
				DEBUG_INFORMATION_FORMAT = dwarf;
				ENABLE_STRICT_OBJC_MSGSEND = YES;
				ENABLE_TESTABILITY = YES;
				GCC_C_LANGUAGE_STANDARD = gnu11;
				GCC_DYNAMIC_NO_PIC = NO;
				GCC_NO_COMMON_BLOCKS = YES;
				GCC_OPTIMIZATION_LEVEL = 0;
				GCC_PREPROCESSOR_DEFINITIONS = (
					"DEBUG=1",
					"$(inherited)",
				);
				GCC_WARN_64_TO_32_BIT_CONVERSION = YES;
				GCC_WARN_ABOUT_RETURN_TYPE = YES_ERROR;
				GCC_WARN_UNDECLARED_SELECTOR = YES;
				GCC_WARN_UNINITIALIZED_AUTOS = YES_AGGRESSIVE;
				GCC_WARN_UNUSED_FUNCTION = YES;
				GCC_WARN_UNUSED_VARIABLE = YES;
				IPHONEOS_DEPLOYMENT_TARGET = 11.4;
				MTL_ENABLE_DEBUG_INFO = YES;
				ONLY_ACTIVE_ARCH = YES;
				SDKROOT = iphoneos;
			};
			name = Debug;
		};
		5E83483B20F98D2000127BC3 /* Release */ = {
			isa = XCBuildConfiguration;
			buildSettings = {
				ALWAYS_SEARCH_USER_PATHS = NO;
				CLANG_ANALYZER_NONNULL = YES;
				CLANG_ANALYZER_NUMBER_OBJECT_CONVERSION = YES_AGGRESSIVE;
				CLANG_CXX_LANGUAGE_STANDARD = "gnu++14";
				CLANG_CXX_LIBRARY = "libc++";
				CLANG_ENABLE_MODULES = YES;
				CLANG_ENABLE_OBJC_ARC = YES;
				CLANG_ENABLE_OBJC_WEAK = YES;
				CLANG_WARN_BLOCK_CAPTURE_AUTORELEASING = YES;
				CLANG_WARN_BOOL_CONVERSION = YES;
				CLANG_WARN_COMMA = YES;
				CLANG_WARN_CONSTANT_CONVERSION = YES;
				CLANG_WARN_DEPRECATED_OBJC_IMPLEMENTATIONS = YES;
				CLANG_WARN_DIRECT_OBJC_ISA_USAGE = YES_ERROR;
				CLANG_WARN_DOCUMENTATION_COMMENTS = YES;
				CLANG_WARN_EMPTY_BODY = YES;
				CLANG_WARN_ENUM_CONVERSION = YES;
				CLANG_WARN_INFINITE_RECURSION = YES;
				CLANG_WARN_INT_CONVERSION = YES;
				CLANG_WARN_NON_LITERAL_NULL_CONVERSION = YES;
				CLANG_WARN_OBJC_IMPLICIT_RETAIN_SELF = YES;
				CLANG_WARN_OBJC_LITERAL_CONVERSION = YES;
				CLANG_WARN_OBJC_ROOT_CLASS = YES_ERROR;
				CLANG_WARN_RANGE_LOOP_ANALYSIS = YES;
				CLANG_WARN_STRICT_PROTOTYPES = YES;
				CLANG_WARN_SUSPICIOUS_MOVE = YES;
				CLANG_WARN_UNGUARDED_AVAILABILITY = YES_AGGRESSIVE;
				CLANG_WARN_UNREACHABLE_CODE = YES;
				CLANG_WARN__DUPLICATE_METHOD_MATCH = YES;
				CODE_SIGN_IDENTITY = "iPhone Developer";
				COPY_PHASE_STRIP = NO;
				DEBUG_INFORMATION_FORMAT = "dwarf-with-dsym";
				ENABLE_NS_ASSERTIONS = NO;
				ENABLE_STRICT_OBJC_MSGSEND = YES;
				GCC_C_LANGUAGE_STANDARD = gnu11;
				GCC_NO_COMMON_BLOCKS = YES;
				GCC_WARN_64_TO_32_BIT_CONVERSION = YES;
				GCC_WARN_ABOUT_RETURN_TYPE = YES_ERROR;
				GCC_WARN_UNDECLARED_SELECTOR = YES;
				GCC_WARN_UNINITIALIZED_AUTOS = YES_AGGRESSIVE;
				GCC_WARN_UNUSED_FUNCTION = YES;
				GCC_WARN_UNUSED_VARIABLE = YES;
				IPHONEOS_DEPLOYMENT_TARGET = 11.4;
				MTL_ENABLE_DEBUG_INFO = NO;
				SDKROOT = iphoneos;
				VALIDATE_PRODUCT = YES;
			};
			name = Release;
		};
		5E83483D20F98D2000127BC3 /* Debug */ = {
			isa = XCBuildConfiguration;
			baseConfigurationReference = DF0346F866406DA81407825F /* Pods-AlipayHeader.debug.xcconfig */;
			buildSettings = {
				ASSETCATALOG_COMPILER_APPICON_NAME = AppIcon;
				CODE_SIGN_STYLE = Automatic;
				GCC_PREFIX_HEADER = "$(PROJECT_DIR)/AlipayHeader/AlipayHeader.pch";
				INFOPLIST_FILE = AlipayHeader/Info.plist;
				LD_RUNPATH_SEARCH_PATHS = (
					"$(inherited)",
					"@executable_path/Frameworks",
				);
				PRODUCT_BUNDLE_IDENTIFIER = com.bleach.AlipayHeader;
				PRODUCT_NAME = "$(TARGET_NAME)";
				TARGETED_DEVICE_FAMILY = "1,2";
			};
			name = Debug;
		};
		5E83483E20F98D2000127BC3 /* Release */ = {
			isa = XCBuildConfiguration;
			baseConfigurationReference = 459EA30EC68D2B246B73A13C /* Pods-AlipayHeader.release.xcconfig */;
			buildSettings = {
				ASSETCATALOG_COMPILER_APPICON_NAME = AppIcon;
				CODE_SIGN_STYLE = Automatic;
				GCC_PREFIX_HEADER = "$(PROJECT_DIR)/AlipayHeader/AlipayHeader.pch";
				INFOPLIST_FILE = AlipayHeader/Info.plist;
				LD_RUNPATH_SEARCH_PATHS = (
					"$(inherited)",
					"@executable_path/Frameworks",
				);
				PRODUCT_BUNDLE_IDENTIFIER = com.bleach.AlipayHeader;
				PRODUCT_NAME = "$(TARGET_NAME)";
				TARGETED_DEVICE_FAMILY = "1,2";
			};
			name = Release;
		};
/* End XCBuildConfiguration section */

/* Begin XCConfigurationList section */
		5E83482120F98D1F00127BC3 /* Build configuration list for PBXProject "AlipayHeader" */ = {
			isa = XCConfigurationList;
			buildConfigurations = (
				5E83483A20F98D2000127BC3 /* Debug */,
				5E83483B20F98D2000127BC3 /* Release */,
			);
			defaultConfigurationIsVisible = 0;
			defaultConfigurationName = Release;
		};
		5E83483C20F98D2000127BC3 /* Build configuration list for PBXNativeTarget "AlipayHeader" */ = {
			isa = XCConfigurationList;
			buildConfigurations = (
				5E83483D20F98D2000127BC3 /* Debug */,
				5E83483E20F98D2000127BC3 /* Release */,
			);
			defaultConfigurationIsVisible = 0;
			defaultConfigurationName = Release;
		};
/* End XCConfigurationList section */
	};
	rootObject = 5E83481E20F98D1F00127BC3 /* Project object */;
}
